
Microsoft Visual Studio Solution File, Format Version 12.00
# Visual Studio Version 17
VisualStudioVersion = 17.4.33213.308
MinimumVisualStudioVersion = 10.0.40219.1
Project("{8BC9CEB8-8B4A-11D0-8D11-00A0C91BC942}") = "SphereCastUWP", "SphereCastUWP\SphereCastUWP.vcxproj", "{67DE2D88-95EC-4A38-A105-6BD235DB9F8F}"
EndProject
Project("{8BC9CEB8-8B4A-11D0-8D11-00A0C91BC942}") = "RayTracing_LabB", "G:\My_Works\Advance Rendering\Lab B\RayTracing_LabB\RayTracing_LabB.vcxproj", "{1CB7A515-9EBE-4F07-8031-201A50B7AEDB}"
EndProject
Global
	GlobalSection(SolutionConfigurationPlatforms) = preSolution
		Debug|ARM = Debug|ARM
		Debug|ARM64 = Debug|ARM64
		Debug|x64 = Debug|x64
		Debug|x86 = Debug|x86
		Release|ARM = Release|ARM
		Release|ARM64 = Release|ARM64
		Release|x64 = Release|x64
		Release|x86 = Release|x86
	EndGlobalSection
	GlobalSection(ProjectConfigurationPlatforms) = postSolution
		{67DE2D88-95EC-4A38-A105-6BD235DB9F8F}.Debug|ARM.ActiveCfg = Debug|ARM
		{67DE2D88-95EC-4A38-A105-6BD235DB9F8F}.Debug|ARM.Build.0 = Debug|ARM
		{67DE2D88-95EC-4A38-A105-6BD235DB9F8F}.Debug|ARM.Deploy.0 = Debug|ARM
		{67DE2D88-95EC-4A38-A105-6BD235DB9F8F}.Debug|ARM64.ActiveCfg = Debug|ARM64
		{67DE2D88-95EC-4A38-A105-6BD235DB9F8F}.Debug|ARM64.Build.0 = Debug|ARM64
		{67DE2D88-95EC-4A38-A105-6BD235DB9F8F}.Debug|ARM64.Deploy.0 = Debug|ARM64
		{67DE2D88-95EC-4A38-A105-6BD235DB9F8F}.Debug|x64.ActiveCfg = Debug|x64
		{67DE2D88-95EC-4A38-A105-6BD235DB9F8F}.Debug|x64.Build.0 = Debug|x64
		{67DE2D88-95EC-4A38-A105-6BD235DB9F8F}.Debug|x64.Deploy.0 = Debug|x64
		{67DE2D88-95EC-4A38-A105-6BD235DB9F8F}.Debug|x86.ActiveCfg = Debug|Win32
		{67DE2D88-95EC-4A38-A105-6BD235DB9F8F}.Debug|x86.Build.0 = Debug|Win32
		{67DE2D88-95EC-4A38-A105-6BD235DB9F8F}.Debug|x86.Deploy.0 = Debug|Win32
		{67DE2D88-95EC-4A38-A105-6BD235DB9F8F}.Release|ARM.ActiveCfg = Release|ARM
		{67DE2D88-95EC-4A38-A105-6BD235DB9F8F}.Release|ARM.Build.0 = Release|ARM
		{67DE2D88-95EC-4A38-A105-6BD235DB9F8F}.Release|ARM.Deploy.0 = Release|ARM
		{67DE2D88-95EC-4A38-A105-6BD235DB9F8F}.Release|ARM64.ActiveCfg = Release|ARM64
		{67DE2D88-95EC-4A38-A105-6BD235DB9F8F}.Release|ARM64.Build.0 = Release|ARM64
		{67DE2D88-95EC-4A38-A105-6BD235DB9F8F}.Release|ARM64.Deploy.0 = Release|ARM64
		{67DE2D88-95EC-4A38-A105-6BD235DB9F8F}.Release|x64.ActiveCfg = Release|x64
		{67DE2D88-95EC-4A38-A105-6BD235DB9F8F}.Release|x64.Build.0 = Release|x64
		{67DE2D88-95EC-4A38-A105-6BD235DB9F8F}.Release|x64.Deploy.0 = Release|x64
		{67DE2D88-95EC-4A38-A105-6BD235DB9F8F}.Release|x86.ActiveCfg = Release|Win32
		{67DE2D88-95EC-4A38-A105-6BD235DB9F8F}.Release|x86.Build.0 = Release|Win32
		{67DE2D88-95EC-4A38-A105-6BD235DB9F8F}.Release|x86.Deploy.0 = Release|Win32
		{1CB7A515-9EBE-4F07-8031-201A50B7AEDB}.Debug|ARM.ActiveCfg = Debug|ARM
		{1CB7A515-9EBE-4F07-8031-201A50B7AEDB}.Debug|ARM.Build.0 = Debug|ARM
		{1CB7A515-9EBE-4F07-8031-201A50B7AEDB}.Debug|ARM.Deploy.0 = Debug|ARM
		{1CB7A515-9EBE-4F07-8031-201A50B7AEDB}.Debug|ARM64.ActiveCfg = Debug|ARM64
		{1CB7A515-9EBE-4F07-8031-201A50B7AEDB}.Debug|ARM64.Build.0 = Debug|ARM64
		{1CB7A515-9EBE-4F07-8031-201A50B7AEDB}.Debug|ARM64.Deploy.0 = Debug|ARM64
		{1CB7A515-9EBE-4F07-8031-201A50B7AEDB}.Debug|x64.ActiveCfg = Debug|x64
		{1CB7A515-9EBE-4F07-8031-201A50B7AEDB}.Debug|x64.Build.0 = Debug|x64
		{1CB7A515-9EBE-4F07-8031-201A50B7AEDB}.Debug|x64.Deploy.0 = Debug|x64
		{1CB7A515-9EBE-4F07-8031-201A50B7AEDB}.Debug|x86.ActiveCfg = Debug|Win32
		{1CB7A515-9EBE-4F07-8031-201A50B7AEDB}.Debug|x86.Build.0 = Debug|Win32
		{1CB7A515-9EBE-4F07-8031-201A50B7AEDB}.Debug|x86.Deploy.0 = Debug|Win32
		{1CB7A515-9EBE-4F07-8031-201A50B7AEDB}.Release|ARM.ActiveCfg = Release|ARM
		{1CB7A515-9EBE-4F07-8031-201A50B7AEDB}.Release|ARM.Build.0 = Release|ARM
		{1CB7A515-9EBE-4F07-8031-201A50B7AEDB}.Release|ARM.Deploy.0 = Release|ARM
		{1CB7A515-9EBE-4F07-8031-201A50B7AEDB}.Release|ARM64.ActiveCfg = Release|ARM64
		{1CB7A515-9EBE-4F07-8031-201A50B7AEDB}.Release|ARM64.Build.0 = Release|ARM64
		{1CB7A515-9EBE-4F07-8031-201A50B7AEDB}.Release|ARM64.Deploy.0 = Release|ARM64
		{1CB7A515-9EBE-4F07-8031-201A50B7AEDB}.Release|x64.ActiveCfg = Release|x64
		{1CB7A515-9EBE-4F07-8031-201A50B7AEDB}.Release|x64.Build.0 = Release|x64
		{1CB7A515-9EBE-4F07-8031-201A50B7AEDB}.Release|x64.Deploy.0 = Release|x64
		{1CB7A515-9EBE-4F07-8031-201A50B7AEDB}.Release|x86.ActiveCfg = Release|Win32
		{1CB7A515-9EBE-4F07-8031-201A50B7AEDB}.Release|x86.Build.0 = Release|Win32
		{1CB7A515-9EBE-4F07-8031-201A50B7AEDB}.Release|x86.Deploy.0 = Release|Win32
	EndGlobalSection
	GlobalSection(SolutionProperties) = preSolution
		HideSolutionNode = FALSE
	EndGlobalSection
	GlobalSection(ExtensibilityGlobals) = postSolution
		SolutionGuid = {23A4457A-6AAF-424B-9684-73048EEE9C15}
	EndGlobalSection
EndGlobal
